// !$*UTF8*$!
{
	archiveVersion = 1;
	classes = {
	};
	objectVersion = 56;
	objects = {

/* Begin PBXBuildFile section */
		C925C4A229C01C1300756F97 /* VirtualControllerDemoApp.swift in Sources */ = {isa = PBXBuildFile; fileRef = C925C4A129C01C1300756F97 /* VirtualControllerDemoApp.swift */; };
		C925C4A429C01C1300756F97 /* ContentView.swift in Sources */ = {isa = PBXBuildFile; fileRef = C925C4A329C01C1300756F97 /* ContentView.swift */; };
		C925C4A629C01C1500756F97 /* Assets.xcassets in Resources */ = {isa = PBXBuildFile; fileRef = C925C4A529C01C1500756F97 /* Assets.xcassets */; };
		C925C4A929C01C1500756F97 /* Preview Assets.xcassets in Resources */ = {isa = PBXBuildFile; fileRef = C925C4A829C01C1500756F97 /* Preview Assets.xcassets */; };
		C925C4B329C01C1500756F97 /* VirtualControllerDemoTests.swift in Sources */ = {isa = PBXBuildFile; fileRef = C925C4B229C01C1500756F97 /* VirtualControllerDemoTests.swift */; };
		C925C4BD29C01C1500756F97 /* VirtualControllerDemoUITests.swift in Sources */ = {isa = PBXBuildFile; fileRef = C925C4BC29C01C1500756F97 /* VirtualControllerDemoUITests.swift */; };
		C925C4BF29C01C1500756F97 /* VirtualControllerDemoUITestsLaunchTests.swift in Sources */ = {isa = PBXBuildFile; fileRef = C925C4BE29C01C1500756F97 /* VirtualControllerDemoUITestsLaunchTests.swift */; };
		C925C4CD29C0B78300756F97 /* SignalRClient in Frameworks */ = {isa = PBXBuildFile; productRef = C925C4CC29C0B78300756F97 /* SignalRClient */; };
/* End PBXBuildFile section */

/* Begin PBXContainerItemProxy section */
		C925C4AF29C01C1500756F97 /* PBXContainerItemProxy */ = {
			isa = PBXContainerItemProxy;
			containerPortal = C925C49629C01C1300756F97 /* Project object */;
			proxyType = 1;
			remoteGlobalIDString = C925C49D29C01C1300756F97;
			remoteInfo = VirtualControllerDemo;
		};
		C925C4B929C01C1500756F97 /* PBXContainerItemProxy */ = {
			isa = PBXContainerItemProxy;
			containerPortal = C925C49629C01C1300756F97 /* Project object */;
			proxyType = 1;
			remoteGlobalIDString = C925C49D29C01C1300756F97;
			remoteInfo = VirtualControllerDemo;
		};
/* End PBXContainerItemProxy section */

/* Begin PBXFileReference section */
		C925C49E29C01C1300756F97 /* VirtualControllerDemo.app */ = {isa = PBXFileReference; explicitFileType = wrapper.application; includeInIndex = 0; path = VirtualControllerDemo.app; sourceTree = BUILT_PRODUCTS_DIR; };
		C925C4A129C01C1300756F97 /* VirtualControllerDemoApp.swift */ = {isa = PBXFileReference; lastKnownFileType = sourcecode.swift; path = VirtualControllerDemoApp.swift; sourceTree = "<group>"; };
		C925C4A329C01C1300756F97 /* ContentView.swift */ = {isa = PBXFileReference; lastKnownFileType = sourcecode.swift; path = ContentView.swift; sourceTree = "<group>"; };
		C925C4A529C01C1500756F97 /* Assets.xcassets */ = {isa = PBXFileReference; lastKnownFileType = folder.assetcatalog; path = Assets.xcassets; sourceTree = "<group>"; };
		C925C4A829C01C1500756F97 /* Preview Assets.xcassets */ = {isa = PBXFileReference; lastKnownFileType = folder.assetcatalog; path = "Preview Assets.xcassets"; sourceTree = "<group>"; };
		C925C4AE29C01C1500756F97 /* VirtualControllerDemoTests.xctest */ = {isa = PBXFileReference; explicitFileType = wrapper.cfbundle; includeInIndex = 0; path = VirtualControllerDemoTests.xctest; sourceTree = BUILT_PRODUCTS_DIR; };
		C925C4B229C01C1500756F97 /* VirtualControllerDemoTests.swift */ = {isa = PBXFileReference; lastKnownFileType = sourcecode.swift; path = VirtualControllerDemoTests.swift; sourceTree = "<group>"; };
		C925C4B829C01C1500756F97 /* VirtualControllerDemoUITests.xctest */ = {isa = PBXFileReference; explicitFileType = wrapper.cfbundle; includeInIndex = 0; path = VirtualControllerDemoUITests.xctest; sourceTree = BUILT_PRODUCTS_DIR; };
		C925C4BC29C01C1500756F97 /* VirtualControllerDemoUITests.swift */ = {isa = PBXFileReference; lastKnownFileType = sourcecode.swift; path = VirtualControllerDemoUITests.swift; sourceTree = "<group>"; };
		C925C4BE29C01C1500756F97 /* VirtualControllerDemoUITestsLaunchTests.swift */ = {isa = PBXFileReference; lastKnownFileType = sourcecode.swift; path = VirtualControllerDemoUITestsLaunchTests.swift; sourceTree = "<group>"; };
		C925C4CE29C0BA5500756F97 /* Info.plist */ = {isa = PBXFileReference; lastKnownFileType = text.plist; path = Info.plist; sourceTree = "<group>"; };
/* End PBXFileReference section */

/* Begin PBXFrameworksBuildPhase section */
		C925C49B29C01C1300756F97 /* Frameworks */ = {
			isa = PBXFrameworksBuildPhase;
			buildActionMask = 2147483647;
			files = (
				C925C4CD29C0B78300756F97 /* SignalRClient in Frameworks */,
			);
			runOnlyForDeploymentPostprocessing = 0;
		};
		C925C4AB29C01C1500756F97 /* Frameworks */ = {
			isa = PBXFrameworksBuildPhase;
			buildActionMask = 2147483647;
			files = (
			);
			runOnlyForDeploymentPostprocessing = 0;
		};
		C925C4B529C01C1500756F97 /* Frameworks */ = {
			isa = PBXFrameworksBuildPhase;
			buildActionMask = 2147483647;
			files = (
			);
			runOnlyForDeploymentPostprocessing = 0;
		};
/* End PBXFrameworksBuildPhase section */

/* Begin PBXGroup section */
		C925C49529C01C1300756F97 = {
			isa = PBXGroup;
			children = (
				C925C4A029C01C1300756F97 /* VirtualControllerDemo */,
				C925C4B129C01C1500756F97 /* VirtualControllerDemoTests */,
				C925C4BB29C01C1500756F97 /* VirtualControllerDemoUITests */,
				C925C49F29C01C1300756F97 /* Products */,
			);
			sourceTree = "<group>";
		};
		C925C49F29C01C1300756F97 /* Products */ = {
			isa = PBXGroup;
			children = (
				C925C49E29C01C1300756F97 /* VirtualControllerDemo.app */,
				C925C4AE29C01C1500756F97 /* VirtualControllerDemoTests.xctest */,
				C925C4B829C01C1500756F97 /* VirtualControllerDemoUITests.xctest */,
			);
			name = Products;
			sourceTree = "<group>";
		};
		C925C4A029C01C1300756F97 /* VirtualControllerDemo */ = {
			isa = PBXGroup;
			children = (
				C925C4CE29C0BA5500756F97 /* Info.plist */,
				C925C4A129C01C1300756F97 /* VirtualControllerDemoApp.swift */,
				C925C4A329C01C1300756F97 /* ContentView.swift */,
				C925C4A529C01C1500756F97 /* Assets.xcassets */,
				C925C4A729C01C1500756F97 /* Preview Content */,
			);
			path = VirtualControllerDemo;
			sourceTree = "<group>";
		};
		C925C4A729C01C1500756F97 /* Preview Content */ = {
			isa = PBXGroup;
			children = (
				C925C4A829C01C1500756F97 /* Preview Assets.xcassets */,
			);
			path = "Preview Content";
			sourceTree = "<group>";
		};
		C925C4B129C01C1500756F97 /* VirtualControllerDemoTests */ = {
			isa = PBXGroup;
			children = (
				C925C4B229C01C1500756F97 /* VirtualControllerDemoTests.swift */,
			);
			path = VirtualControllerDemoTests;
			sourceTree = "<group>";
		};
		C925C4BB29C01C1500756F97 /* VirtualControllerDemoUITests */ = {
			isa = PBXGroup;
			children = (
				C925C4BC29C01C1500756F97 /* VirtualControllerDemoUITests.swift */,
				C925C4BE29C01C1500756F97 /* VirtualControllerDemoUITestsLaunchTests.swift */,
			);
			path = VirtualControllerDemoUITests;
			sourceTree = "<group>";
		};
/* End PBXGroup section */

/* Begin PBXNativeTarget section */
		C925C49D29C01C1300756F97 /* VirtualControllerDemo */ = {
			isa = PBXNativeTarget;
			buildConfigurationList = C925C4C229C01C1500756F97 /* Build configuration list for PBXNativeTarget "VirtualControllerDemo" */;
			buildPhases = (
				C925C49A29C01C1300756F97 /* Sources */,
				C925C49B29C01C1300756F97 /* Frameworks */,
				C925C49C29C01C1300756F97 /* Resources */,
			);
			buildRules = (
			);
			dependencies = (
			);
			name = VirtualControllerDemo;
			packageProductDependencies = (
				C925C4CC29C0B78300756F97 /* SignalRClient */,
			);
			productName = VirtualControllerDemo;
			productReference = C925C49E29C01C1300756F97 /* VirtualControllerDemo.app */;
			productType = "com.apple.product-type.application";
		};
		C925C4AD29C01C1500756F97 /* VirtualControllerDemoTests */ = {
			isa = PBXNativeTarget;
			buildConfigurationList = C925C4C529C01C1500756F97 /* Build configuration list for PBXNativeTarget "VirtualControllerDemoTests" */;
			buildPhases = (
				C925C4AA29C01C1500756F97 /* Sources */,
				C925C4AB29C01C1500756F97 /* Frameworks */,
				C925C4AC29C01C1500756F97 /* Resources */,
			);
			buildRules = (
			);
			dependencies = (
				C925C4B029C01C1500756F97 /* PBXTargetDependency */,
			);
			name = VirtualControllerDemoTests;
			productName = VirtualControllerDemoTests;
			productReference = C925C4AE29C01C1500756F97 /* VirtualControllerDemoTests.xctest */;
			productType = "com.apple.product-type.bundle.unit-test";
		};
		C925C4B729C01C1500756F97 /* VirtualControllerDemoUITests */ = {
			isa = PBXNativeTarget;
			buildConfigurationList = C925C4C829C01C1500756F97 /* Build configuration list for PBXNativeTarget "VirtualControllerDemoUITests" */;
			buildPhases = (
				C925C4B429C01C1500756F97 /* Sources */,
				C925C4B529C01C1500756F97 /* Frameworks */,
				C925C4B629C01C1500756F97 /* Resources */,
			);
			buildRules = (
			);
			dependencies = (
				C925C4BA29C01C1500756F97 /* PBXTargetDependency */,
			);
			name = VirtualControllerDemoUITests;
			productName = VirtualControllerDemoUITests;
			productReference = C925C4B829C01C1500756F97 /* VirtualControllerDemoUITests.xctest */;
			productType = "com.apple.product-type.bundle.ui-testing";
		};
/* End PBXNativeTarget section */

/* Begin PBXProject section */
		C925C49629C01C1300756F97 /* Project object */ = {
			isa = PBXProject;
			attributes = {
				BuildIndependentTargetsInParallel = 1;
				LastSwiftUpdateCheck = 1420;
				LastUpgradeCheck = 1420;
				TargetAttributes = {
					C925C49D29C01C1300756F97 = {
						CreatedOnToolsVersion = 14.2;
					};
					C925C4AD29C01C1500756F97 = {
						CreatedOnToolsVersion = 14.2;
						TestTargetID = C925C49D29C01C1300756F97;
					};
					C925C4B729C01C1500756F97 = {
						CreatedOnToolsVersion = 14.2;
						TestTargetID = C925C49D29C01C1300756F97;
					};
				};
			};
			buildConfigurationList = C925C49929C01C1300756F97 /* Build configuration list for PBXProject "VirtualControllerDemo" */;
			compatibilityVersion = "Xcode 14.0";
			developmentRegion = en;
			hasScannedForEncodings = 0;
			knownRegions = (
				en,
				Base,
			);
			mainGroup = C925C49529C01C1300756F97;
			packageReferences = (
				C925C4CB29C0B78300756F97 /* XCRemoteSwiftPackageReference "SignalR-Client-Swift" */,
			);
			productRefGroup = C925C49F29C01C1300756F97 /* Products */;
			projectDirPath = "";
			projectRoot = "";
			targets = (
				C925C49D29C01C1300756F97 /* VirtualControllerDemo */,
				C925C4AD29C01C1500756F97 /* VirtualControllerDemoTests */,
				C925C4B729C01C1500756F97 /* VirtualControllerDemoUITests */,
			);
		};
/* End PBXProject section */

/* Begin PBXResourcesBuildPhase section */
		C925C49C29C01C1300756F97 /* Resources */ = {
			isa = PBXResourcesBuildPhase;
			buildActionMask = 2147483647;
			files = (
				C925C4A929C01C1500756F97 /* Preview Assets.xcassets in Resources */,
				C925C4A629C01C1500756F97 /* Assets.xcassets in Resources */,
			);
			runOnlyForDeploymentPostprocessing = 0;
		};
		C925C4AC29C01C1500756F97 /* Resources */ = {
			isa = PBXResourcesBuildPhase;
			buildActionMask = 2147483647;
			files = (
			);
			runOnlyForDeploymentPostprocessing = 0;
		};
		C925C4B629C01C1500756F97 /* Resources */ = {
			isa = PBXResourcesBuildPhase;
			buildActionMask = 2147483647;
			files = (
			);
			runOnlyForDeploymentPostprocessing = 0;
		};
/* End PBXResourcesBuildPhase section */

/* Begin PBXSourcesBuildPhase section */
		C925C49A29C01C1300756F97 /* Sources */ = {
			isa = PBXSourcesBuildPhase;
			buildActionMask = 2147483647;
			files = (
				C925C4A429C01C1300756F97 /* ContentView.swift in Sources */,
				C925C4A229C01C1300756F97 /* VirtualControllerDemoApp.swift in Sources */,
			);
			runOnlyForDeploymentPostprocessing = 0;
		};
		C925C4AA29C01C1500756F97 /* Sources */ = {
			isa = PBXSourcesBuildPhase;
			buildActionMask = 2147483647;
			files = (
				C925C4B329C01C1500756F97 /* VirtualControllerDemoTests.swift in Sources */,
			);
			runOnlyForDeploymentPostprocessing = 0;
		};
		C925C4B429C01C1500756F97 /* Sources */ = {
			isa = PBXSourcesBuildPhase;
			buildActionMask = 2147483647;
			files = (
				C925C4BD29C01C1500756F97 /* VirtualControllerDemoUITests.swift in Sources */,
				C925C4BF29C01C1500756F97 /* VirtualControllerDemoUITestsLaunchTests.swift in Sources */,
			);
			runOnlyForDeploymentPostprocessing = 0;
		};
/* End PBXSourcesBuildPhase section */

/* Begin PBXTargetDependency section */
		C925C4B029C01C1500756F97 /* PBXTargetDependency */ = {
			isa = PBXTargetDependency;
			target = C925C49D29C01C1300756F97 /* VirtualControllerDemo */;
			targetProxy = C925C4AF29C01C1500756F97 /* PBXContainerItemProxy */;
		};
		C925C4BA29C01C1500756F97 /* PBXTargetDependency */ = {
			isa = PBXTargetDependency;
			target = C925C49D29C01C1300756F97 /* VirtualControllerDemo */;
			targetProxy = C925C4B929C01C1500756F97 /* PBXContainerItemProxy */;
		};
/* End PBXTargetDependency section */

/* Begin XCBuildConfiguration section */
		C925C4C029C01C1500756F97 /* Debug */ = {
			isa = XCBuildConfiguration;
			buildSettings = {
				ALWAYS_SEARCH_USER_PATHS = NO;
				CLANG_ANALYZER_NONNULL = YES;
				CLANG_ANALYZER_NUMBER_OBJECT_CONVERSION = YES_AGGRESSIVE;
				CLANG_CXX_LANGUAGE_STANDARD = "gnu++20";
				CLANG_ENABLE_MODULES = YES;
				CLANG_ENABLE_OBJC_ARC = YES;
				CLANG_ENABLE_OBJC_WEAK = YES;
				CLANG_WARN_BLOCK_CAPTURE_AUTORELEASING = YES;
				CLANG_WARN_BOOL_CONVERSION = YES;
				CLANG_WARN_COMMA = YES;
				CLANG_WARN_CONSTANT_CONVERSION = YES;
				CLANG_WARN_DEPRECATED_OBJC_IMPLEMENTATIONS = YES;
				CLANG_WARN_DIRECT_OBJC_ISA_USAGE = YES_ERROR;
				CLANG_WARN_DOCUMENTATION_COMMENTS = YES;
				CLANG_WARN_EMPTY_BODY = YES;
				CLANG_WARN_ENUM_CONVERSION = YES;
				CLANG_WARN_INFINITE_RECURSION = YES;
				CLANG_WARN_INT_CONVERSION = YES;
				CLANG_WARN_NON_LITERAL_NULL_CONVERSION = YES;
				CLANG_WARN_OBJC_IMPLICIT_RETAIN_SELF = YES;
				CLANG_WARN_OBJC_LITERAL_CONVERSION = YES;
				CLANG_WARN_OBJC_ROOT_CLASS = YES_ERROR;
				CLANG_WARN_QUOTED_INCLUDE_IN_FRAMEWORK_HEADER = YES;
				CLANG_WARN_RANGE_LOOP_ANALYSIS = YES;
				CLANG_WARN_STRICT_PROTOTYPES = YES;
				CLANG_WARN_SUSPICIOUS_MOVE = YES;
				CLANG_WARN_UNGUARDED_AVAILABILITY = YES_AGGRESSIVE;
				CLANG_WARN_UNREACHABLE_CODE = YES;
				CLANG_WARN__DUPLICATE_METHOD_MATCH = YES;
				COPY_PHASE_STRIP = NO;
				DEBUG_INFORMATION_FORMAT = dwarf;
				ENABLE_STRICT_OBJC_MSGSEND = YES;
				ENABLE_TESTABILITY = YES;
				GCC_C_LANGUAGE_STANDARD = gnu11;
				GCC_DYNAMIC_NO_PIC = NO;
				GCC_NO_COMMON_BLOCKS = YES;
				GCC_OPTIMIZATION_LEVEL = 0;
				GCC_PREPROCESSOR_DEFINITIONS = (
					"DEBUG=1",
					"$(inherited)",
				);
				GCC_WARN_64_TO_32_BIT_CONVERSION = YES;
				GCC_WARN_ABOUT_RETURN_TYPE = YES_ERROR;
				GCC_WARN_UNDECLARED_SELECTOR = YES;
				GCC_WARN_UNINITIALIZED_AUTOS = YES_AGGRESSIVE;
				GCC_WARN_UNUSED_FUNCTION = YES;
				GCC_WARN_UNUSED_VARIABLE = YES;
				IPHONEOS_DEPLOYMENT_TARGET = 16.2;
				MTL_ENABLE_DEBUG_INFO = INCLUDE_SOURCE;
				MTL_FAST_MATH = YES;
				ONLY_ACTIVE_ARCH = YES;
				SDKROOT = iphoneos;
				SWIFT_ACTIVE_COMPILATION_CONDITIONS = DEBUG;
				SWIFT_OPTIMIZATION_LEVEL = "-Onone";
			};
			name = Debug;
		};
		C925C4C129C01C1500756F97 /* Release */ = {
			isa = XCBuildConfiguration;
			buildSettings = {
				ALWAYS_SEARCH_USER_PATHS = NO;
				CLANG_ANALYZER_NONNULL = YES;
				CLANG_ANALYZER_NUMBER_OBJECT_CONVERSION = YES_AGGRESSIVE;
				CLANG_CXX_LANGUAGE_STANDARD = "gnu++20";
				CLANG_ENABLE_MODULES = YES;
				CLANG_ENABLE_OBJC_ARC = YES;
				CLANG_ENABLE_OBJC_WEAK = YES;
				CLANG_WARN_BLOCK_CAPTURE_AUTORELEASING = YES;
				CLANG_WARN_BOOL_CONVERSION = YES;
				CLANG_WARN_COMMA = YES;
				CLANG_WARN_CONSTANT_CONVERSION = YES;
				CLANG_WARN_DEPRECATED_OBJC_IMPLEMENTATIONS = YES;
				CLANG_WARN_DIRECT_OBJC_ISA_USAGE = YES_ERROR;
				CLANG_WARN_DOCUMENTATION_COMMENTS = YES;
				CLANG_WARN_EMPTY_BODY = YES;
				CLANG_WARN_ENUM_CONVERSION = YES;
				CLANG_WARN_INFINITE_RECURSION = YES;
				CLANG_WARN_INT_CONVERSION = YES;
				CLANG_WARN_NON_LITERAL_NULL_CONVERSION = YES;
				CLANG_WARN_OBJC_IMPLICIT_RETAIN_SELF = YES;
				CLANG_WARN_OBJC_LITERAL_CONVERSION = YES;
				CLANG_WARN_OBJC_ROOT_CLASS = YES_ERROR;
				CLANG_WARN_QUOTED_INCLUDE_IN_FRAMEWORK_HEADER = YES;
				CLANG_WARN_RANGE_LOOP_ANALYSIS = YES;
				CLANG_WARN_STRICT_PROTOTYPES = YES;
				CLANG_WARN_SUSPICIOUS_MOVE = YES;
				CLANG_WARN_UNGUARDED_AVAILABILITY = YES_AGGRESSIVE;
				CLANG_WARN_UNREACHABLE_CODE = YES;
				CLANG_WARN__DUPLICATE_METHOD_MATCH = YES;
				COPY_PHASE_STRIP = NO;
				DEBUG_INFORMATION_FORMAT = "dwarf-with-dsym";
				ENABLE_NS_ASSERTIONS = NO;
				ENABLE_STRICT_OBJC_MSGSEND = YES;
				GCC_C_LANGUAGE_STANDARD = gnu11;
				GCC_NO_COMMON_BLOCKS = YES;
				GCC_WARN_64_TO_32_BIT_CONVERSION = YES;
				GCC_WARN_ABOUT_RETURN_TYPE = YES_ERROR;
				GCC_WARN_UNDECLARED_SELECTOR = YES;
				GCC_WARN_UNINITIALIZED_AUTOS = YES_AGGRESSIVE;
				GCC_WARN_UNUSED_FUNCTION = YES;
				GCC_WARN_UNUSED_VARIABLE = YES;
				IPHONEOS_DEPLOYMENT_TARGET = 16.2;
				MTL_ENABLE_DEBUG_INFO = NO;
				MTL_FAST_MATH = YES;
				SDKROOT = iphoneos;
				SWIFT_COMPILATION_MODE = wholemodule;
				SWIFT_OPTIMIZATION_LEVEL = "-O";
				VALIDATE_PRODUCT = YES;
			};
			name = Release;
		};
		C925C4C329C01C1500756F97 /* Debug */ = {
			isa = XCBuildConfiguration;
			buildSettings = {
				ASSETCATALOG_COMPILER_APPICON_NAME = AppIcon;
				ASSETCATALOG_COMPILER_GLOBAL_ACCENT_COLOR_NAME = AccentColor;
				CODE_SIGN_STYLE = Automatic;
				CURRENT_PROJECT_VERSION = 1;
				DEVELOPMENT_ASSET_PATHS = "\"VirtualControllerDemo/Preview Content\"";
				ENABLE_PREVIEWS = YES;
				GENERATE_INFOPLIST_FILE = YES;
				INFOPLIST_FILE = VirtualControllerDemo/Info.plist;
				INFOPLIST_KEY_UIApplicationSceneManifest_Generation = YES;
				INFOPLIST_KEY_UIApplicationSupportsIndirectInputEvents = YES;
				INFOPLIST_KEY_UILaunchScreen_Generation = YES;
				INFOPLIST_KEY_UISupportedInterfaceOrientations_iPad = "UIInterfaceOrientationPortrait UIInterfaceOrientationPortraitUpsideDown UIInterfaceOrientationLandscapeLeft UIInterfaceOrientationLandscapeRight";
				INFOPLIST_KEY_UISupportedInterfaceOrientations_iPhone = "UIInterfaceOrientationPortrait UIInterfaceOrientationLandscapeLeft UIInterfaceOrientationLandscapeRight";
				LD_RUNPATH_SEARCH_PATHS = (
					"$(inherited)",
					"@executable_path/Frameworks",
				);
				MARKETING_VERSION = 1.0;
				PRODUCT_BUNDLE_IDENTIFIER = com.enabledplay.VirtualControllerDemo;
				PRODUCT_NAME = "$(TARGET_NAME)";
				SWIFT_EMIT_LOC_STRINGS = YES;
				SWIFT_VERSION = 5.0;
				TARGETED_DEVICE_FAMILY = "1,2";
			};
			name = Debug;
		};
		C925C4C429C01C1500756F97 /* Release */ = {
			isa = XCBuildConfiguration;
			buildSettings = {
				ASSETCATALOG_COMPILER_APPICON_NAME = AppIcon;
				ASSETCATALOG_COMPILER_GLOBAL_ACCENT_COLOR_NAME = AccentColor;
				CODE_SIGN_STYLE = Automatic;
				CURRENT_PROJECT_VERSION = 1;
				DEVELOPMENT_ASSET_PATHS = "\"VirtualControllerDemo/Preview Content\"";
				ENABLE_PREVIEWS = YES;
				GENERATE_INFOPLIST_FILE = YES;
				INFOPLIST_FILE = VirtualControllerDemo/Info.plist;
				INFOPLIST_KEY_UIApplicationSceneManifest_Generation = YES;
				INFOPLIST_KEY_UIApplicationSupportsIndirectInputEvents = YES;
				INFOPLIST_KEY_UILaunchScreen_Generation = YES;
				INFOPLIST_KEY_UISupportedInterfaceOrientations_iPad = "UIInterfaceOrientationPortrait UIInterfaceOrientationPortraitUpsideDown UIInterfaceOrientationLandscapeLeft UIInterfaceOrientationLandscapeRight";
				INFOPLIST_KEY_UISupportedInterfaceOrientations_iPhone = "UIInterfaceOrientationPortrait UIInterfaceOrientationLandscapeLeft UIInterfaceOrientationLandscapeRight";
				LD_RUNPATH_SEARCH_PATHS = (
					"$(inherited)",
					"@executable_path/Frameworks",
				);
				MARKETING_VERSION = 1.0;
				PRODUCT_BUNDLE_IDENTIFIER = com.enabledplay.VirtualControllerDemo;
				PRODUCT_NAME = "$(TARGET_NAME)";
				SWIFT_EMIT_LOC_STRINGS = YES;
				SWIFT_VERSION = 5.0;
				TARGETED_DEVICE_FAMILY = "1,2";
			};
			name = Release;
		};
		C925C4C629C01C1500756F97 /* Debug */ = {
			isa = XCBuildConfiguration;
			buildSettings = {
				ALWAYS_EMBED_SWIFT_STANDARD_LIBRARIES = YES;
				BUNDLE_LOADER = "$(TEST_HOST)";
				CODE_SIGN_STYLE = Automatic;
				CURRENT_PROJECT_VERSION = 1;
				GENERATE_INFOPLIST_FILE = YES;
				IPHONEOS_DEPLOYMENT_TARGET = 16.2;
				MARKETING_VERSION = 1.0;
				PRODUCT_BUNDLE_IDENTIFIER = com.enabledplay.VirtualControllerDemoTests;
				PRODUCT_NAME = "$(TARGET_NAME)";
				SWIFT_EMIT_LOC_STRINGS = NO;
				SWIFT_VERSION = 5.0;
				TARGETED_DEVICE_FAMILY = "1,2";
				TEST_HOST = "$(BUILT_PRODUCTS_DIR)/VirtualControllerDemo.app/$(BUNDLE_EXECUTABLE_FOLDER_PATH)/VirtualControllerDemo";
			};
			name = Debug;
		};
		C925C4C729C01C1500756F97 /* Release */ = {
			isa = XCBuildConfiguration;
			buildSettings = {
				ALWAYS_EMBED_SWIFT_STANDARD_LIBRARIES = YES;
				BUNDLE_LOADER = "$(TEST_HOST)";
				CODE_SIGN_STYLE = Automatic;
				CURRENT_PROJECT_VERSION = 1;
				GENERATE_INFOPLIST_FILE = YES;
				IPHONEOS_DEPLOYMENT_TARGET = 16.2;
				MARKETING_VERSION = 1.0;
				PRODUCT_BUNDLE_IDENTIFIER = com.enabledplay.VirtualControllerDemoTests;
				PRODUCT_NAME = "$(TARGET_NAME)";
				SWIFT_EMIT_LOC_STRINGS = NO;
				SWIFT_VERSION = 5.0;
				TARGETED_DEVICE_FAMILY = "1,2";
				TEST_HOST = "$(BUILT_PRODUCTS_DIR)/VirtualControllerDemo.app/$(BUNDLE_EXECUTABLE_FOLDER_PATH)/VirtualControllerDemo";
			};
			name = Release;
		};
		C925C4C929C01C1500756F97 /* Debug */ = {
			isa = XCBuildConfiguration;
			buildSettings = {
				ALWAYS_EMBED_SWIFT_STANDARD_LIBRARIES = YES;
				CODE_SIGN_STYLE = Automatic;
				CURRENT_PROJECT_VERSION = 1;
				GENERATE_INFOPLIST_FILE = YES;
				MARKETING_VERSION = 1.0;
				PRODUCT_BUNDLE_IDENTIFIER = com.enabledplay.VirtualControllerDemoUITests;
				PRODUCT_NAME = "$(TARGET_NAME)";
				SWIFT_EMIT_LOC_STRINGS = NO;
				SWIFT_VERSION = 5.0;
				TARGETED_DEVICE_FAMILY = "1,2";
				TEST_TARGET_NAME = VirtualControllerDemo;
			};
			name = Debug;
		};
		C925C4CA29C01C1500756F97 /* Release */ = {
			isa = XCBuildConfiguration;
			buildSettings = {
				ALWAYS_EMBED_SWIFT_STANDARD_LIBRARIES = YES;
				CODE_SIGN_STYLE = Automatic;
				CURRENT_PROJECT_VERSION = 1;
				GENERATE_INFOPLIST_FILE = YES;
				MARKETING_VERSION = 1.0;
				PRODUCT_BUNDLE_IDENTIFIER = com.enabledplay.VirtualControllerDemoUITests;
				PRODUCT_NAME = "$(TARGET_NAME)";
				SWIFT_EMIT_LOC_STRINGS = NO;
				SWIFT_VERSION = 5.0;
				TARGETED_DEVICE_FAMILY = "1,2";
				TEST_TARGET_NAME = VirtualControllerDemo;
			};
			name = Release;
		};
/* End XCBuildConfiguration section */

/* Begin XCConfigurationList section */
		C925C49929C01C1300756F97 /* Build configuration list for PBXProject "VirtualControllerDemo" */ = {
			isa = XCConfigurationList;
			buildConfigurations = (
				C925C4C029C01C1500756F97 /* Debug */,
				C925C4C129C01C1500756F97 /* Release */,
			);
			defaultConfigurationIsVisible = 0;
			defaultConfigurationName = Release;
		};
		C925C4C229C01C1500756F97 /* Build configuration list for PBXNativeTarget "VirtualControllerDemo" */ = {
			isa = XCConfigurationList;
			buildConfigurations = (
				C925C4C329C01C1500756F97 /* Debug */,
				C925C4C429C01C1500756F97 /* Release */,
			);
			defaultConfigurationIsVisible = 0;
			defaultConfigurationName = Release;
		};
		C925C4C529C01C1500756F97 /* Build configuration list for PBXNativeTarget "VirtualControllerDemoTests" */ = {
			isa = XCConfigurationList;
			buildConfigurations = (
				C925C4C629C01C1500756F97 /* Debug */,
				C925C4C729C01C1500756F97 /* Release */,
			);
			defaultConfigurationIsVisible = 0;
			defaultConfigurationName = Release;
		};
		C925C4C829C01C1500756F97 /* Build configuration list for PBXNativeTarget "VirtualControllerDemoUITests" */ = {
			isa = XCConfigurationList;
			buildConfigurations = (
				C925C4C929C01C1500756F97 /* Debug */,
				C925C4CA29C01C1500756F97 /* Release */,
			);
			defaultConfigurationIsVisible = 0;
			defaultConfigurationName = Release;
		};
/* End XCConfigurationList section */

/* Begin XCRemoteSwiftPackageReference section */
		C925C4CB29C0B78300756F97 /* XCRemoteSwiftPackageReference "SignalR-Client-Swift" */ = {
			isa = XCRemoteSwiftPackageReference;
			repositoryURL = "https://github.com/moozzyk/SignalR-Client-Swift";
			requirement = {
				kind = upToNextMajorVersion;
				minimumVersion = 0.9.2;
			};
		};
/* End XCRemoteSwiftPackageReference section */

/* Begin XCSwiftPackageProductDependency section */
		C925C4CC29C0B78300756F97 /* SignalRClient */ = {
			isa = XCSwiftPackageProductDependency;
			package = C925C4CB29C0B78300756F97 /* XCRemoteSwiftPackageReference "SignalR-Client-Swift" */;
			productName = SignalRClient;
		};
/* End XCSwiftPackageProductDependency section */
	};
	rootObject = C925C49629C01C1300756F97 /* Project object */;
}
